<?xml version="1.0" encoding="utf-8"?>
<Project ToolsVersion="4.0" xmlns="http://schemas.microsoft.com/developer/msbuild/2003">
  <ItemGroup>
    <Filter Include="소스 파일">
      <UniqueIdentifier>{4FC737F1-C7A5-4376-A066-2A32D752A2FF}</UniqueIdentifier>
      <Extensions>cpp;c;cc;cxx;c++;cppm;ixx;def;odl;idl;hpj;bat;asm;asmx</Extensions>
    </Filter>
    <Filter Include="헤더 파일">
      <UniqueIdentifier>{93995380-89BD-4b04-88EB-625FBE52EBFB}</UniqueIdentifier>
      <Extensions>h;hh;hpp;hxx;h++;hm;inl;inc;ipp;xsd</Extensions>
    </Filter>
    <Filter Include="리소스 파일">
      <UniqueIdentifier>{67DA6AB6-F800-4c08-8B7A-83BB121AAD01}</UniqueIdentifier>
      <Extensions>rc;ico;cur;bmp;dlg;rc2;rct;bin;rgs;gif;jpg;jpeg;jpe;resx;tiff;tif;png;wav;mfcribbon-ms</Extensions>
    </Filter>
  </ItemGroup>
  <ItemGroup>
    <ClCompile Include="Perfect crime.cpp">
      <Filter>소스 파일</Filter>
    </ClCompile>
    <ClCompile Include="Number of server expansions.cpp">
      <Filter>소스 파일</Filter>
    </ClCompile>
    <ClCompile Include="Forklift and crane.cpp">
      <Filter>소스 파일</Filter>
    </ClCompile>
    <ClCompile Include="Puzzle Game Challenge.cpp">
      <Filter>소스 파일</Filter>
    </ClCompile>
    <ClCompile Include="Finding the Risk of Collision.cpp">
      <Filter>소스 파일</Filter>
    </ClCompile>
    <ClCompile Include="Donuts and Bar Graphs.cpp">
      <Filter>소스 파일</Filter>
    </ClCompile>
    <ClCompile Include="Oil Drilling.cpp">
      <Filter>소스 파일</Filter>
    </ClCompile>
    <ClCompile Include="Analog Clock.cpp">
      <Filter>소스 파일</Filter>
    </ClCompile>
    <ClCompile Include="Interception system.cpp">
      <Filter>소스 파일</Filter>
    </ClCompile>
    <ClCompile Include="Integer pair between two circles.cpp">
      <Filter>소스 파일</Filter>
    </ClCompile>
    <ClCompile Include="sum of consecutive subsequences.cpp">
      <Filter>소스 파일</Filter>
    </ClCompile>
    <ClCompile Include="Progress on the assignment.cpp">
      <Filter>소스 파일</Filter>
    </ClCompile>
    <ClCompile Include="Mining Mining.cpp">
      <Filter>소스 파일</Filter>
    </ClCompile>
    <ClCompile Include="Ricochet Robot.cpp">
      <Filter>소스 파일</Filter>
    </ClCompile>
    <ClCompile Include="Billiards practice.cpp">
      <Filter>소스 파일</Filter>
    </ClCompile>
    <ClCompile Include="Tic-tac-toe alone.cpp">
      <Filter>소스 파일</Filter>
    </ClCompile>
    <ClCompile Include="Maze Escape.cpp">
      <Filter>소스 파일</Filter>
    </ClCompile>
    <ClCompile Include="Hotel waiting room.cpp">
      <Filter>소스 파일</Filter>
    </ClCompile>
    <ClCompile Include="Deserted Island Trip.cpp">
      <Filter>소스 파일</Filter>
    </ClCompile>
    <ClCompile Include="Find the big number behind.cpp">
      <Filter>소스 파일</Filter>
    </ClCompile>
    <ClCompile Include="Convert numbers.cpp">
      <Filter>소스 파일</Filter>
    </ClCompile>
    <ClCompile Include="Seesaw Partner.cpp">
      <Filter>소스 파일</Filter>
    </ClCompile>
    <ClCompile Include="Delivery and collection of parcels.cpp">
      <Filter>소스 파일</Filter>
    </ClCompile>
    <ClCompile Include="Emoticon Discount Event.cpp">
      <Filter>소스 파일</Filter>
    </ClCompile>
    <ClCompile Include="Magic Elevator.cpp">
      <Filter>소스 파일</Filter>
    </ClCompile>
    <ClCompile Include="pseudo cantor bit string.cpp">
      <Filter>소스 파일</Filter>
    </ClCompile>
    <ClCompile Include="Table hash function.cpp">
      <Filter>소스 파일</Filter>
    </ClCompile>
    <ClCompile Include="Defense game.cpp">
      <Filter>소스 파일</Filter>
    </ClCompile>
    <ClCompile Include="Dotting.cpp">
      <Filter>소스 파일</Filter>
    </ClCompile>
    <ClCompile Include="Choosing a Tangerine.cpp">
      <Filter>소스 파일</Filter>
    </ClCompile>
    <ClCompile Include="Divide number cards.cpp">
      <Filter>소스 파일</Filter>
    </ClCompile>
    <ClCompile Include="Hail sequence definite integral.cpp">
      <Filter>소스 파일</Filter>
    </ClCompile>
    <ClCompile Include="Cutting a Roll Cake.cpp">
      <Filter>소스 파일</Filter>
    </ClCompile>
    <ClCompile Include="Delivery box.cpp">
      <Filter>소스 파일</Filter>
    </ClCompile>
    <ClCompile Include="Number of sums of consecutive subsequences.cpp">
      <Filter>소스 파일</Filter>
    </ClCompile>
    <ClCompile Include="Master of playing alone.cpp">
      <Filter>소스 파일</Filter>
    </ClCompile>
    <ClCompile Include="Discount Event.cpp">
      <Filter>소스 파일</Filter>
    </ClCompile>
    <ClCompile Include="Make the sum of two queues equal.cpp">
      <Filter>소스 파일</Filter>
    </ClCompile>
    <ClCompile Include="Archery competition.cpp">
      <Filter>소스 파일</Filter>
    </ClCompile>
    <ClCompile Include="Calculate parking fee.cpp">
      <Filter>소스 파일</Filter>
    </ClCompile>
    <ClCompile Include="Finding the number of prime numbers in base k.cpp">
      <Filter>소스 파일</Filter>
    </ClCompile>
    <ClCompile Include="n^2 array slicing.cpp">
      <Filter>소스 파일</Filter>
    </ClCompile>
    <ClCompile Include="Create a star at the intersection.cpp">
      <Filter>소스 파일</Filter>
    </ClCompile>
    <ClCompile Include="Light Path Cycle.cpp">
      <Filter>소스 파일</Filter>
    </ClCompile>
    <ClCompile Include="Check social distancing.cpp">
      <Filter>소스 파일</Filter>
    </ClCompile>
    <ClCompile Include="2 or fewer different bits.cpp">
      <Filter>소스 파일</Filter>
    </ClCompile>
    <ClCompile Include="Rotate the matrix border.cpp">
      <Filter>소스 파일</Filter>
    </ClCompile>
    <ClCompile Include="Rotate parentheses.cpp">
      <Filter>소스 파일</Filter>
    </ClCompile>
    <ClCompile Include="Rank search.cpp">
      <Filter>소스 파일</Filter>
    </ClCompile>
    <ClCompile Include="Menu renewal.cpp">
      <Filter>소스 파일</Filter>
    </ClCompile>
    <ClCompile Include="Repeat binary conversion.cpp">
      <Filter>소스 파일</Filter>
    </ClCompile>
    <ClCompile Include="Counting after quad compression.cpp">
      <Filter>소스 파일</Filter>
    </ClCompile>
    <ClCompile Include="Triangular snail.cpp">
      <Filter>소스 파일</Filter>
    </ClCompile>
    <ClCompile Include="Maximize the formula.cpp">
      <Filter>소스 파일</Filter>
    </ClCompile>
    <ClCompile Include="Tuple.cpp">
      <Filter>소스 파일</Filter>
    </ClCompile>
    <ClCompile Include="A perfect square.cpp">
      <Filter>소스 파일</Filter>
    </ClCompile>
    <ClCompile Include="Parentheses conversion.cpp">
      <Filter>소스 파일</Filter>
    </ClCompile>
    <ClCompile Include="String Compression.cpp">
      <Filter>소스 파일</Filter>
    </ClCompile>
    <ClCompile Include="Length of visit.cpp">
      <Filter>소스 파일</Filter>
    </ClCompile>
  </ItemGroup>
</Project>